// !$*UTF8*$!
{
	archiveVersion = 1;
	classes = {
	};
	objectVersion = 46;
	objects = {

/* Begin PBXBuildFile section */
		99082BF117F7789000029F9A /* libglfw3.3.0.dylib in Frameworks */ = {isa = PBXBuildFile; fileRef = 99082BF017F7789000029F9A /* libglfw3.3.0.dylib */; };
		9911942C1825A03800362FE2 /* Pipeline.cpp in Sources */ = {isa = PBXBuildFile; fileRef = 9911942A1825A03800362FE2 /* Pipeline.cpp */; };
		9912613318184195004587B6 /* Quad.cpp in Sources */ = {isa = PBXBuildFile; fileRef = 9912613118184195004587B6 /* Quad.cpp */; };
		99142BA61822D64D0025C2CD /* Rotation.cpp in Sources */ = {isa = PBXBuildFile; fileRef = 99142BA21822D64D0025C2CD /* Rotation.cpp */; };
		99142BAC1822DFF40025C2CD /* Translation.cpp in Sources */ = {isa = PBXBuildFile; fileRef = 99142BAA1822DFF40025C2CD /* Translation.cpp */; };
		9917041718284E8F00319349 /* Transformation.cpp in Sources */ = {isa = PBXBuildFile; fileRef = 9917041618284E8F00319349 /* Transformation.cpp */; };
		9917041A18285BED00319349 /* TransformationData.cpp in Sources */ = {isa = PBXBuildFile; fileRef = 9917041818285BED00319349 /* TransformationData.cpp */; };
		9958B107182821C600F88907 /* PipelineResult.cpp in Sources */ = {isa = PBXBuildFile; fileRef = 9958B105182821C600F88907 /* PipelineResult.cpp */; };
		99722CB3181C8E5F00C0E062 /* TetrominoFactory.cpp in Sources */ = {isa = PBXBuildFile; fileRef = 99722CAD181C8E5F00C0E062 /* TetrominoFactory.cpp */; };
		99722CB4181C8E5F00C0E062 /* TetrominoType.cpp in Sources */ = {isa = PBXBuildFile; fileRef = 99722CAF181C8E5F00C0E062 /* TetrominoType.cpp */; };
		99722CB5181C8E5F00C0E062 /* TetrominoTypeFactory.cpp in Sources */ = {isa = PBXBuildFile; fileRef = 99722CB1181C8E5F00C0E062 /* TetrominoTypeFactory.cpp */; };
		99FB502F180FC1B6003D5061 /* Colour.cpp in Sources */ = {isa = PBXBuildFile; fileRef = 99FB5002180FC1B6003D5061 /* Colour.cpp */; };
		99FB5030180FC1B6003D5061 /* Palette.cpp in Sources */ = {isa = PBXBuildFile; fileRef = 99FB5004180FC1B6003D5061 /* Palette.cpp */; };
		99FB5031180FC1B6003D5061 /* GameplayDisplayer.cpp in Sources */ = {isa = PBXBuildFile; fileRef = 99FB5006180FC1B6003D5061 /* GameplayDisplayer.cpp */; };
		99FB5032180FC1B6003D5061 /* PrimitiveDisplayer.cpp in Sources */ = {isa = PBXBuildFile; fileRef = 99FB5008180FC1B6003D5061 /* PrimitiveDisplayer.cpp */; };
		99FB5033180FC1B6003D5061 /* TextDisplayer.cpp in Sources */ = {isa = PBXBuildFile; fileRef = 99FB500A180FC1B6003D5061 /* TextDisplayer.cpp */; };
		99FB5034180FC1B6003D5061 /* UIDisplayer.cpp in Sources */ = {isa = PBXBuildFile; fileRef = 99FB500C180FC1B6003D5061 /* UIDisplayer.cpp */; };
		99FB5035180FC1B6003D5061 /* main.cpp in Sources */ = {isa = PBXBuildFile; fileRef = 99FB500E180FC1B6003D5061 /* main.cpp */; };
		99FB5036180FC1B6003D5061 /* Character.cpp in Sources */ = {isa = PBXBuildFile; fileRef = 99FB5012180FC1B6003D5061 /* Character.cpp */; };
		99FB503A180FC1B6003D5061 /* Entity.cpp in Sources */ = {isa = PBXBuildFile; fileRef = 99FB501D180FC1B6003D5061 /* Entity.cpp */; };
		99FB503B180FC1B6003D5061 /* QuadHeap.cpp in Sources */ = {isa = PBXBuildFile; fileRef = 99FB5020180FC1B6003D5061 /* QuadHeap.cpp */; };
		99FB503C180FC1B6003D5061 /* Tetromino.cpp in Sources */ = {isa = PBXBuildFile; fileRef = 99FB5022180FC1B6003D5061 /* Tetromino.cpp */; };
		99FB503E180FC1B6003D5061 /* World.cpp in Sources */ = {isa = PBXBuildFile; fileRef = 99FB5026180FC1B6003D5061 /* World.cpp */; };
		99FB503F180FC1B6003D5061 /* Vec2d.cpp in Sources */ = {isa = PBXBuildFile; fileRef = 99FB5029180FC1B6003D5061 /* Vec2d.cpp */; };
		99FB5042180FC7CF003D5061 /* Alphabet.cpp in Sources */ = {isa = PBXBuildFile; fileRef = 99FB5040180FC7CF003D5061 /* Alphabet.cpp */; };
		A1EFC2D4175AB78A0028E165 /* OpenGL.framework in Frameworks */ = {isa = PBXBuildFile; fileRef = A1EFC2D3175AB78A0028E165 /* OpenGL.framework */; };
		A1FC578117A8557C00969471 /* icon.rc in Resources */ = {isa = PBXBuildFile; fileRef = A1FC575417A8557C00969471 /* icon.rc */; };
		A1FC579417A8594000969471 /* lanaTetris.icns in Resources */ = {isa = PBXBuildFile; fileRef = A1FC579317A8594000969471 /* lanaTetris.icns */; };
		A1FC579617A85C4200969471 /* lanaTetris.ico in Resources */ = {isa = PBXBuildFile; fileRef = A1FC579517A85C4200969471 /* lanaTetris.ico */; };
/* End PBXBuildFile section */

/* Begin PBXFileReference section */
		99082BF017F7789000029F9A /* libglfw3.3.0.dylib */ = {isa = PBXFileReference; lastKnownFileType = "compiled.mach-o.dylib"; name = libglfw3.3.0.dylib; path = ../../../../usr/local/Cellar/glfw3/3.0.2/lib/libglfw3.3.0.dylib; sourceTree = "<group>"; };
		9911942A1825A03800362FE2 /* Pipeline.cpp */ = {isa = PBXFileReference; fileEncoding = 4; lastKnownFileType = sourcecode.cpp.cpp; name = Pipeline.cpp; path = transformation/Pipeline.cpp; sourceTree = "<group>"; };
		9911942B1825A03800362FE2 /* Pipeline.h */ = {isa = PBXFileReference; fileEncoding = 4; lastKnownFileType = sourcecode.c.h; name = Pipeline.h; path = transformation/Pipeline.h; sourceTree = "<group>"; };
		9912613118184195004587B6 /* Quad.cpp */ = {isa = PBXFileReference; fileEncoding = 4; lastKnownFileType = sourcecode.cpp.cpp; path = Quad.cpp; sourceTree = "<group>"; };
		9912613218184195004587B6 /* Quad.h */ = {isa = PBXFileReference; fileEncoding = 4; lastKnownFileType = sourcecode.c.h; path = Quad.h; sourceTree = "<group>"; };
		99142B9C1822D5970025C2CD /* Transformation.h */ = {isa = PBXFileReference; fileEncoding = 4; lastKnownFileType = sourcecode.c.h; name = Transformation.h; path = transformation/Transformation.h; sourceTree = "<group>"; };
		99142BA21822D64D0025C2CD /* Rotation.cpp */ = {isa = PBXFileReference; fileEncoding = 4; lastKnownFileType = sourcecode.cpp.cpp; name = Rotation.cpp; path = transformation/Rotation.cpp; sourceTree = "<group>"; };
		99142BA31822D64D0025C2CD /* Rotation.h */ = {isa = PBXFileReference; fileEncoding = 4; lastKnownFileType = sourcecode.c.h; name = Rotation.h; path = transformation/Rotation.h; sourceTree = "<group>"; };
		99142BA81822D68F0025C2CD /* TransformationType.h */ = {isa = PBXFileReference; lastKnownFileType = sourcecode.c.h; name = TransformationType.h; path = transformation/TransformationType.h; sourceTree = "<group>"; };
		99142BAA1822DFF40025C2CD /* Translation.cpp */ = {isa = PBXFileReference; fileEncoding = 4; lastKnownFileType = sourcecode.cpp.cpp; name = Translation.cpp; path = transformation/Translation.cpp; sourceTree = "<group>"; };
		99142BAB1822DFF40025C2CD /* Translation.h */ = {isa = PBXFileReference; fileEncoding = 4; lastKnownFileType = sourcecode.c.h; name = Translation.h; path = transformation/Translation.h; sourceTree = "<group>"; };
		9917041618284E8F00319349 /* Transformation.cpp */ = {isa = PBXFileReference; fileEncoding = 4; lastKnownFileType = sourcecode.cpp.cpp; name = Transformation.cpp; path = transformation/Transformation.cpp; sourceTree = "<group>"; };
		9917041818285BED00319349 /* TransformationData.cpp */ = {isa = PBXFileReference; fileEncoding = 4; lastKnownFileType = sourcecode.cpp.cpp; name = TransformationData.cpp; path = transformation/TransformationData.cpp; sourceTree = "<group>"; };
		9917041918285BED00319349 /* TransformationData.h */ = {isa = PBXFileReference; fileEncoding = 4; lastKnownFileType = sourcecode.c.h; name = TransformationData.h; path = transformation/TransformationData.h; sourceTree = "<group>"; };
		9958B10118281FE600F88907 /* Collidable.h */ = {isa = PBXFileReference; lastKnownFileType = sourcecode.c.h; path = Collidable.h; sourceTree = "<group>"; };
		9958B105182821C600F88907 /* PipelineResult.cpp */ = {isa = PBXFileReference; fileEncoding = 4; lastKnownFileType = sourcecode.cpp.cpp; name = PipelineResult.cpp; path = transformation/PipelineResult.cpp; sourceTree = "<group>"; };
		9958B106182821C600F88907 /* PipelineResult.h */ = {isa = PBXFileReference; fileEncoding = 4; lastKnownFileType = sourcecode.c.h; name = PipelineResult.h; path = transformation/PipelineResult.h; sourceTree = "<group>"; };
		99722CAD181C8E5F00C0E062 /* TetrominoFactory.cpp */ = {isa = PBXFileReference; fileEncoding = 4; lastKnownFileType = sourcecode.cpp.cpp; path = TetrominoFactory.cpp; sourceTree = "<group>"; };
		99722CAE181C8E5F00C0E062 /* TetrominoFactory.h */ = {isa = PBXFileReference; fileEncoding = 4; lastKnownFileType = sourcecode.c.h; path = TetrominoFactory.h; sourceTree = "<group>"; };
		99722CAF181C8E5F00C0E062 /* TetrominoType.cpp */ = {isa = PBXFileReference; fileEncoding = 4; lastKnownFileType = sourcecode.cpp.cpp; path = TetrominoType.cpp; sourceTree = "<group>"; };
		99722CB0181C8E5F00C0E062 /* TetrominoType.h */ = {isa = PBXFileReference; fileEncoding = 4; lastKnownFileType = sourcecode.c.h; path = TetrominoType.h; sourceTree = "<group>"; };
		99722CB1181C8E5F00C0E062 /* TetrominoTypeFactory.cpp */ = {isa = PBXFileReference; fileEncoding = 4; lastKnownFileType = sourcecode.cpp.cpp; path = TetrominoTypeFactory.cpp; sourceTree = "<group>"; };
		99722CB2181C8E5F00C0E062 /* TetrominoTypeFactory.h */ = {isa = PBXFileReference; fileEncoding = 4; lastKnownFileType = sourcecode.c.h; path = TetrominoTypeFactory.h; sourceTree = "<group>"; };
		99FB5002180FC1B6003D5061 /* Colour.cpp */ = {isa = PBXFileReference; fileEncoding = 4; lastKnownFileType = sourcecode.cpp.cpp; path = Colour.cpp; sourceTree = "<group>"; };
		99FB5003180FC1B6003D5061 /* Colour.h */ = {isa = PBXFileReference; fileEncoding = 4; lastKnownFileType = sourcecode.c.h; path = Colour.h; sourceTree = "<group>"; };
		99FB5004180FC1B6003D5061 /* Palette.cpp */ = {isa = PBXFileReference; fileEncoding = 4; lastKnownFileType = sourcecode.cpp.cpp; path = Palette.cpp; sourceTree = "<group>"; };
		99FB5005180FC1B6003D5061 /* Palette.h */ = {isa = PBXFileReference; fileEncoding = 4; lastKnownFileType = sourcecode.c.h; path = Palette.h; sourceTree = "<group>"; };
		99FB5006180FC1B6003D5061 /* GameplayDisplayer.cpp */ = {isa = PBXFileReference; fileEncoding = 4; lastKnownFileType = sourcecode.cpp.cpp; path = GameplayDisplayer.cpp; sourceTree = "<group>"; };
		99FB5007180FC1B6003D5061 /* GameplayDisplayer.h */ = {isa = PBXFileReference; fileEncoding = 4; lastKnownFileType = sourcecode.c.h; path = GameplayDisplayer.h; sourceTree = "<group>"; };
		99FB5008180FC1B6003D5061 /* PrimitiveDisplayer.cpp */ = {isa = PBXFileReference; fileEncoding = 4; lastKnownFileType = sourcecode.cpp.cpp; path = PrimitiveDisplayer.cpp; sourceTree = "<group>"; };
		99FB5009180FC1B6003D5061 /* PrimitiveDisplayer.h */ = {isa = PBXFileReference; fileEncoding = 4; lastKnownFileType = sourcecode.c.h; path = PrimitiveDisplayer.h; sourceTree = "<group>"; };
		99FB500A180FC1B6003D5061 /* TextDisplayer.cpp */ = {isa = PBXFileReference; fileEncoding = 4; lastKnownFileType = sourcecode.cpp.cpp; path = TextDisplayer.cpp; sourceTree = "<group>"; };
		99FB500B180FC1B6003D5061 /* TextDisplayer.h */ = {isa = PBXFileReference; fileEncoding = 4; lastKnownFileType = sourcecode.c.h; path = TextDisplayer.h; sourceTree = "<group>"; };
		99FB500C180FC1B6003D5061 /* UIDisplayer.cpp */ = {isa = PBXFileReference; fileEncoding = 4; lastKnownFileType = sourcecode.cpp.cpp; path = UIDisplayer.cpp; sourceTree = "<group>"; };
		99FB500D180FC1B6003D5061 /* UIDisplayer.h */ = {isa = PBXFileReference; fileEncoding = 4; lastKnownFileType = sourcecode.c.h; path = UIDisplayer.h; sourceTree = "<group>"; };
		99FB500E180FC1B6003D5061 /* main.cpp */ = {isa = PBXFileReference; fileEncoding = 4; lastKnownFileType = sourcecode.cpp.cpp; path = main.cpp; sourceTree = "<group>"; };
		99FB5012180FC1B6003D5061 /* Character.cpp */ = {isa = PBXFileReference; fileEncoding = 4; lastKnownFileType = sourcecode.cpp.cpp; path = Character.cpp; sourceTree = "<group>"; };
		99FB5013180FC1B6003D5061 /* Character.h */ = {isa = PBXFileReference; fileEncoding = 4; lastKnownFileType = sourcecode.c.h; path = Character.h; sourceTree = "<group>"; };
		99FB501B180FC1B6003D5061 /* Coordinated.h */ = {isa = PBXFileReference; fileEncoding = 4; lastKnownFileType = sourcecode.c.h; path = Coordinated.h; sourceTree = "<group>"; };
		99FB501C180FC1B6003D5061 /* Drawable.h */ = {isa = PBXFileReference; fileEncoding = 4; lastKnownFileType = sourcecode.c.h; path = Drawable.h; sourceTree = "<group>"; };
		99FB501D180FC1B6003D5061 /* Entity.cpp */ = {isa = PBXFileReference; fileEncoding = 4; lastKnownFileType = sourcecode.cpp.cpp; path = Entity.cpp; sourceTree = "<group>"; };
		99FB501E180FC1B6003D5061 /* Entity.h */ = {isa = PBXFileReference; fileEncoding = 4; lastKnownFileType = sourcecode.c.h; path = Entity.h; sourceTree = "<group>"; };
		99FB5020180FC1B6003D5061 /* QuadHeap.cpp */ = {isa = PBXFileReference; fileEncoding = 4; lastKnownFileType = sourcecode.cpp.cpp; path = QuadHeap.cpp; sourceTree = "<group>"; };
		99FB5021180FC1B6003D5061 /* QuadHeap.h */ = {isa = PBXFileReference; fileEncoding = 4; lastKnownFileType = sourcecode.c.h; path = QuadHeap.h; sourceTree = "<group>"; };
		99FB5022180FC1B6003D5061 /* Tetromino.cpp */ = {isa = PBXFileReference; fileEncoding = 4; lastKnownFileType = sourcecode.cpp.cpp; path = Tetromino.cpp; sourceTree = "<group>"; };
		99FB5023180FC1B6003D5061 /* Tetromino.h */ = {isa = PBXFileReference; fileEncoding = 4; lastKnownFileType = sourcecode.c.h; path = Tetromino.h; sourceTree = "<group>"; };
		99FB5026180FC1B6003D5061 /* World.cpp */ = {isa = PBXFileReference; fileEncoding = 4; lastKnownFileType = sourcecode.cpp.cpp; path = World.cpp; sourceTree = "<group>"; };
		99FB5027180FC1B6003D5061 /* World.h */ = {isa = PBXFileReference; fileEncoding = 4; lastKnownFileType = sourcecode.c.h; path = World.h; sourceTree = "<group>"; };
		99FB5029180FC1B6003D5061 /* Vec2d.cpp */ = {isa = PBXFileReference; fileEncoding = 4; lastKnownFileType = sourcecode.cpp.cpp; path = Vec2d.cpp; sourceTree = "<group>"; };
		99FB502A180FC1B6003D5061 /* Vec2d.h */ = {isa = PBXFileReference; fileEncoding = 4; lastKnownFileType = sourcecode.c.h; path = Vec2d.h; sourceTree = "<group>"; };
		99FB5040180FC7CF003D5061 /* Alphabet.cpp */ = {isa = PBXFileReference; fileEncoding = 4; lastKnownFileType = sourcecode.cpp.cpp; path = Alphabet.cpp; sourceTree = "<group>"; };
		99FB5041180FC7CF003D5061 /* Alphabet.h */ = {isa = PBXFileReference; fileEncoding = 4; lastKnownFileType = sourcecode.c.h; path = Alphabet.h; sourceTree = "<group>"; };
		A1EFC2B3175AA46E0028E165 /* lanaTetris.app */ = {isa = PBXFileReference; explicitFileType = wrapper.application; includeInIndex = 0; path = lanaTetris.app; sourceTree = BUILT_PRODUCTS_DIR; };
		A1EFC2D3175AB78A0028E165 /* OpenGL.framework */ = {isa = PBXFileReference; lastKnownFileType = wrapper.framework; name = OpenGL.framework; path = /System/Library/Frameworks/OpenGL.framework; sourceTree = "<absolute>"; };
		A1FC575317A8557C00969471 /* Credits.rtf */ = {isa = PBXFileReference; fileEncoding = 4; lastKnownFileType = text.rtf; path = Credits.rtf; sourceTree = "<group>"; };
		A1FC575417A8557C00969471 /* icon.rc */ = {isa = PBXFileReference; fileEncoding = 4; lastKnownFileType = text; path = icon.rc; sourceTree = "<group>"; };
		A1FC575517A8557C00969471 /* lanaTetris-Info.plist */ = {isa = PBXFileReference; fileEncoding = 4; lastKnownFileType = text.plist.xml; path = "lanaTetris-Info.plist"; sourceTree = "<group>"; };
		A1FC575617A8557C00969471 /* lanaTetris-Prefix.pch */ = {isa = PBXFileReference; fileEncoding = 4; lastKnownFileType = sourcecode.c.h; path = "lanaTetris-Prefix.pch"; sourceTree = "<group>"; };
		A1FC579317A8594000969471 /* lanaTetris.icns */ = {isa = PBXFileReference; lastKnownFileType = image.icns; path = lanaTetris.icns; sourceTree = "<group>"; };
		A1FC579517A85C4200969471 /* lanaTetris.ico */ = {isa = PBXFileReference; lastKnownFileType = image.ico; path = lanaTetris.ico; sourceTree = "<group>"; };
/* End PBXFileReference section */

/* Begin PBXFrameworksBuildPhase section */
		A1EFC2B0175AA46E0028E165 /* Frameworks */ = {
			isa = PBXFrameworksBuildPhase;
			buildActionMask = 2147483647;
			files = (
				A1EFC2D4175AB78A0028E165 /* OpenGL.framework in Frameworks */,
				99082BF117F7789000029F9A /* libglfw3.3.0.dylib in Frameworks */,
			);
			runOnlyForDeploymentPostprocessing = 0;
		};
/* End PBXFrameworksBuildPhase section */

/* Begin PBXGroup section */
		99142B9A1822D5610025C2CD /* transformation */ = {
			isa = PBXGroup;
			children = (
				9958B105182821C600F88907 /* PipelineResult.cpp */,
				9958B106182821C600F88907 /* PipelineResult.h */,
				99142BA21822D64D0025C2CD /* Rotation.cpp */,
				99142BA31822D64D0025C2CD /* Rotation.h */,
				9917041618284E8F00319349 /* Transformation.cpp */,
				99142B9C1822D5970025C2CD /* Transformation.h */,
				9917041818285BED00319349 /* TransformationData.cpp */,
				9917041918285BED00319349 /* TransformationData.h */,
				99142BA81822D68F0025C2CD /* TransformationType.h */,
				9911942A1825A03800362FE2 /* Pipeline.cpp */,
				9911942B1825A03800362FE2 /* Pipeline.h */,
				99142BAA1822DFF40025C2CD /* Translation.cpp */,
				99142BAB1822DFF40025C2CD /* Translation.h */,
			);
			name = transformation;
			sourceTree = "<group>";
		};
		99FB4FFE180FC1B6003D5061 /* drawing */ = {
			isa = PBXGroup;
			children = (
				99FB4FFF180FC1B6003D5061 /* foundation */,
				99FB5006180FC1B6003D5061 /* GameplayDisplayer.cpp */,
				99FB5007180FC1B6003D5061 /* GameplayDisplayer.h */,
				99FB5008180FC1B6003D5061 /* PrimitiveDisplayer.cpp */,
				99FB5009180FC1B6003D5061 /* PrimitiveDisplayer.h */,
				99FB500A180FC1B6003D5061 /* TextDisplayer.cpp */,
				99FB500B180FC1B6003D5061 /* TextDisplayer.h */,
				99FB500C180FC1B6003D5061 /* UIDisplayer.cpp */,
				99FB500D180FC1B6003D5061 /* UIDisplayer.h */,
			);
			path = drawing;
			sourceTree = "<group>";
		};
		99FB4FFF180FC1B6003D5061 /* foundation */ = {
			isa = PBXGroup;
			children = (
				99FB5002180FC1B6003D5061 /* Colour.cpp */,
				99FB5003180FC1B6003D5061 /* Colour.h */,
				99FB5004180FC1B6003D5061 /* Palette.cpp */,
				99FB5005180FC1B6003D5061 /* Palette.h */,
			);
			path = foundation;
			sourceTree = "<group>";
		};
		99FB500F180FC1B6003D5061 /* model */ = {
			isa = PBXGroup;
			children = (
				99FB5010180FC1B6003D5061 /* entity */,
				99FB5028180FC1B6003D5061 /* foundation */,
			);
			path = model;
			sourceTree = "<group>";
		};
		99FB5010180FC1B6003D5061 /* entity */ = {
			isa = PBXGroup;
			children = (
				99142B9A1822D5610025C2CD /* transformation */,
				99FB5011180FC1B6003D5061 /* basic */,
				99FB5018180FC1B6003D5061 /* collision */,
				99FB501B180FC1B6003D5061 /* Coordinated.h */,
				99FB501C180FC1B6003D5061 /* Drawable.h */,
				99FB501D180FC1B6003D5061 /* Entity.cpp */,
				99FB501E180FC1B6003D5061 /* Entity.h */,
				99FB501F180FC1B6003D5061 /* tetris */,
			);
			path = entity;
			sourceTree = "<group>";
		};
		99FB5011180FC1B6003D5061 /* basic */ = {
			isa = PBXGroup;
			children = (
				99FB5040180FC7CF003D5061 /* Alphabet.cpp */,
				99FB5041180FC7CF003D5061 /* Alphabet.h */,
				99FB5012180FC1B6003D5061 /* Character.cpp */,
				99FB5013180FC1B6003D5061 /* Character.h */,
			);
			path = basic;
			sourceTree = "<group>";
		};
		99FB5018180FC1B6003D5061 /* collision */ = {
			isa = PBXGroup;
			children = (
				9958B10118281FE600F88907 /* Collidable.h */,
			);
			path = collision;
			sourceTree = "<group>";
		};
		99FB501F180FC1B6003D5061 /* tetris */ = {
			isa = PBXGroup;
			children = (
				9912613118184195004587B6 /* Quad.cpp */,
				9912613218184195004587B6 /* Quad.h */,
				99FB5020180FC1B6003D5061 /* QuadHeap.cpp */,
				99FB5021180FC1B6003D5061 /* QuadHeap.h */,
				99FB5022180FC1B6003D5061 /* Tetromino.cpp */,
				99FB5023180FC1B6003D5061 /* Tetromino.h */,
				99722CAD181C8E5F00C0E062 /* TetrominoFactory.cpp */,
				99722CAE181C8E5F00C0E062 /* TetrominoFactory.h */,
				99722CAF181C8E5F00C0E062 /* TetrominoType.cpp */,
				99722CB0181C8E5F00C0E062 /* TetrominoType.h */,
				99722CB1181C8E5F00C0E062 /* TetrominoTypeFactory.cpp */,
				99722CB2181C8E5F00C0E062 /* TetrominoTypeFactory.h */,
				99FB5026180FC1B6003D5061 /* World.cpp */,
				99FB5027180FC1B6003D5061 /* World.h */,
			);
			path = tetris;
			sourceTree = "<group>";
		};
		99FB5028180FC1B6003D5061 /* foundation */ = {
			isa = PBXGroup;
			children = (
				99FB5029180FC1B6003D5061 /* Vec2d.cpp */,
				99FB502A180FC1B6003D5061 /* Vec2d.h */,
			);
			path = foundation;
			sourceTree = "<group>";
		};
		A1EFC2AA175AA46E0028E165 = {
			isa = PBXGroup;
			children = (
				A1FC579317A8594000969471 /* lanaTetris.icns */,
				A1EFC2B5175AA46E0028E165 /* Frameworks */,
				A1FC575217A8557C00969471 /* resource */,
				A1FC575917A8557C00969471 /* src */,
				A1EFC2B4175AA46E0028E165 /* Products */,
			);
			sourceTree = "<group>";
		};
		A1EFC2B4175AA46E0028E165 /* Products */ = {
			isa = PBXGroup;
			children = (
				A1EFC2B3175AA46E0028E165 /* lanaTetris.app */,
			);
			name = Products;
			sourceTree = "<group>";
		};
		A1EFC2B5175AA46E0028E165 /* Frameworks */ = {
			isa = PBXGroup;
			children = (
				99082BF017F7789000029F9A /* libglfw3.3.0.dylib */,
				A1EFC2D3175AB78A0028E165 /* OpenGL.framework */,
			);
			name = Frameworks;
			sourceTree = "<group>";
		};
		A1FC575217A8557C00969471 /* resource */ = {
			isa = PBXGroup;
			children = (
				A1FC579517A85C4200969471 /* lanaTetris.ico */,
				A1FC575317A8557C00969471 /* Credits.rtf */,
				A1FC575417A8557C00969471 /* icon.rc */,
				A1FC575517A8557C00969471 /* lanaTetris-Info.plist */,
				A1FC575617A8557C00969471 /* lanaTetris-Prefix.pch */,
			);
			path = resource;
			sourceTree = "<group>";
		};
		A1FC575917A8557C00969471 /* src */ = {
			isa = PBXGroup;
			children = (
				99FB4FFE180FC1B6003D5061 /* drawing */,
				99FB500E180FC1B6003D5061 /* main.cpp */,
				99FB500F180FC1B6003D5061 /* model */,
			);
			path = src;
			sourceTree = "<group>";
		};
/* End PBXGroup section */

/* Begin PBXNativeTarget section */
		A1EFC2B2175AA46E0028E165 /* lanaTetris */ = {
			isa = PBXNativeTarget;
			buildConfigurationList = A1EFC2D0175AA46F0028E165 /* Build configuration list for PBXNativeTarget "lanaTetris" */;
			buildPhases = (
				A1EFC2AF175AA46E0028E165 /* Sources */,
				A1EFC2B0175AA46E0028E165 /* Frameworks */,
				A1EFC2B1175AA46E0028E165 /* Resources */,
			);
			buildRules = (
			);
			dependencies = (
			);
			name = lanaTetris;
			productName = lanaSnake;
			productReference = A1EFC2B3175AA46E0028E165 /* lanaTetris.app */;
			productType = "com.apple.product-type.application";
		};
/* End PBXNativeTarget section */

/* Begin PBXProject section */
		A1EFC2AB175AA46E0028E165 /* Project object */ = {
			isa = PBXProject;
			attributes = {
				LastUpgradeCheck = 0500;
				ORGANIZATIONNAME = "Andy Stanton";
			};
			buildConfigurationList = A1EFC2AE175AA46E0028E165 /* Build configuration list for PBXProject "lanaTetris" */;
			compatibilityVersion = "Xcode 3.2";
			developmentRegion = English;
			hasScannedForEncodings = 0;
			knownRegions = (
				en,
			);
			mainGroup = A1EFC2AA175AA46E0028E165;
			productRefGroup = A1EFC2B4175AA46E0028E165 /* Products */;
			projectDirPath = "";
			projectRoot = "";
			targets = (
				A1EFC2B2175AA46E0028E165 /* lanaTetris */,
			);
		};
/* End PBXProject section */

/* Begin PBXResourcesBuildPhase section */
		A1EFC2B1175AA46E0028E165 /* Resources */ = {
			isa = PBXResourcesBuildPhase;
			buildActionMask = 2147483647;
			files = (
				A1FC578117A8557C00969471 /* icon.rc in Resources */,
				A1FC579417A8594000969471 /* lanaTetris.icns in Resources */,
				A1FC579617A85C4200969471 /* lanaTetris.ico in Resources */,
			);
			runOnlyForDeploymentPostprocessing = 0;
		};
/* End PBXResourcesBuildPhase section */

/* Begin PBXSourcesBuildPhase section */
		A1EFC2AF175AA46E0028E165 /* Sources */ = {
			isa = PBXSourcesBuildPhase;
			buildActionMask = 2147483647;
			files = (
				9911942C1825A03800362FE2 /* Pipeline.cpp in Sources */,
				99722CB5181C8E5F00C0E062 /* TetrominoTypeFactory.cpp in Sources */,
				9917041718284E8F00319349 /* Transformation.cpp in Sources */,
				99722CB3181C8E5F00C0E062 /* TetrominoFactory.cpp in Sources */,
				99142BA61822D64D0025C2CD /* Rotation.cpp in Sources */,
				99FB5042180FC7CF003D5061 /* Alphabet.cpp in Sources */,
				99FB503E180FC1B6003D5061 /* World.cpp in Sources */,
				99FB503A180FC1B6003D5061 /* Entity.cpp in Sources */,
				9912613318184195004587B6 /* Quad.cpp in Sources */,
				99FB503F180FC1B6003D5061 /* Vec2d.cpp in Sources */,
				99FB5032180FC1B6003D5061 /* PrimitiveDisplayer.cpp in Sources */,
				99FB5035180FC1B6003D5061 /* main.cpp in Sources */,
				99FB5036180FC1B6003D5061 /* Character.cpp in Sources */,
				99142BAC1822DFF40025C2CD /* Translation.cpp in Sources */,
				99FB502F180FC1B6003D5061 /* Colour.cpp in Sources */,
				99FB503B180FC1B6003D5061 /* QuadHeap.cpp in Sources */,
				99722CB4181C8E5F00C0E062 /* TetrominoType.cpp in Sources */,
				99FB5034180FC1B6003D5061 /* UIDisplayer.cpp in Sources */,
				9917041A18285BED00319349 /* TransformationData.cpp in Sources */,
				9958B107182821C600F88907 /* PipelineResult.cpp in Sources */,
				99FB5031180FC1B6003D5061 /* GameplayDisplayer.cpp in Sources */,
				99FB5033180FC1B6003D5061 /* TextDisplayer.cpp in Sources */,
				99FB5030180FC1B6003D5061 /* Palette.cpp in Sources */,
				99FB503C180FC1B6003D5061 /* Tetromino.cpp in Sources */,
			);
			runOnlyForDeploymentPostprocessing = 0;
		};
/* End PBXSourcesBuildPhase section */

/* Begin XCBuildConfiguration section */
		A1A1495A17F8772F00C9FF40 /* Debug */ = {
			isa = XCBuildConfiguration;
			buildSettings = {
				ALWAYS_SEARCH_USER_PATHS = NO;
				CLANG_CXX_LANGUAGE_STANDARD = "gnu++0x";
				CLANG_CXX_LIBRARY = "libc++";
				CLANG_WARN_CONSTANT_CONVERSION = YES;
				CLANG_WARN_EMPTY_BODY = YES;
				CLANG_WARN_ENUM_CONVERSION = YES;
				CLANG_WARN_INT_CONVERSION = YES;
				CLANG_WARN__DUPLICATE_METHOD_MATCH = YES;
				COPY_PHASE_STRIP = YES;
				DEBUG_INFORMATION_FORMAT = "dwarf-with-dsym";
				GCC_C_LANGUAGE_STANDARD = gnu99;
				GCC_ENABLE_OBJC_EXCEPTIONS = YES;
				GCC_WARN_64_TO_32_BIT_CONVERSION = YES;
				GCC_WARN_ABOUT_RETURN_TYPE = YES;
				GCC_WARN_UNINITIALIZED_AUTOS = YES;
				GCC_WARN_UNUSED_VARIABLE = YES;
				HEADER_SEARCH_PATHS = (
					"$(inherited)",
					/Applications/Xcode.app/Contents/Developer/Toolchains/XcodeDefault.xctoolchain/usr/include,
					/usr/local/include,
				);
				MACOSX_DEPLOYMENT_TARGET = 10.8;
				SDKROOT = "";
			};
			name = Debug;
		};
		A1A1495B17F8772F00C9FF40 /* Debug */ = {
			isa = XCBuildConfiguration;
			buildSettings = {
				CLANG_CXX_LANGUAGE_STANDARD = "gnu++0x";
				CLANG_WARN_CXX0X_EXTENSIONS = NO;
				COMBINE_HIDPI_IMAGES = YES;
				GCC_C_LANGUAGE_STANDARD = "compiler-default";
				GCC_PRECOMPILE_PREFIX_HEADER = YES;
				GCC_PREFIX_HEADER = "resource/lanaTetris-Prefix.pch";
				GCC_VERSION = "";
				INFOPLIST_FILE = "resource/lanaTetris-Info.plist";
				LIBRARY_SEARCH_PATHS = (
					"$(inherited)",
					/usr/local/Cellar/glfw3/3.0.3/lib,
				);
				MACOSX_DEPLOYMENT_TARGET = 10.8;
				ONLY_ACTIVE_ARCH = YES;
				PRODUCT_NAME = lanaTetris;
				SDKROOT = "";
				WRAPPER_EXTENSION = app;
			};
			name = Debug;
		};
		A1EFC2CF175AA46F0028E165 /* Release */ = {
			isa = XCBuildConfiguration;
			buildSettings = {
				ALWAYS_SEARCH_USER_PATHS = NO;
				CLANG_CXX_LANGUAGE_STANDARD = "gnu++0x";
				CLANG_CXX_LIBRARY = "libc++";
				CLANG_WARN_CONSTANT_CONVERSION = YES;
				CLANG_WARN_EMPTY_BODY = YES;
				CLANG_WARN_ENUM_CONVERSION = YES;
				CLANG_WARN_INT_CONVERSION = YES;
				CLANG_WARN__DUPLICATE_METHOD_MATCH = YES;
				COPY_PHASE_STRIP = YES;
				DEBUG_INFORMATION_FORMAT = "dwarf-with-dsym";
				GCC_C_LANGUAGE_STANDARD = gnu99;
				GCC_ENABLE_OBJC_EXCEPTIONS = YES;
				GCC_WARN_64_TO_32_BIT_CONVERSION = YES;
				GCC_WARN_ABOUT_RETURN_TYPE = YES;
				GCC_WARN_UNINITIALIZED_AUTOS = YES;
				GCC_WARN_UNUSED_VARIABLE = YES;
				HEADER_SEARCH_PATHS = (
					"$(inherited)",
					/Applications/Xcode.app/Contents/Developer/Toolchains/XcodeDefault.xctoolchain/usr/include,
					/usr/local/include,
				);
				MACOSX_DEPLOYMENT_TARGET = 10.8;
				SDKROOT = "";
			};
			name = Release;
		};
		A1EFC2D2175AA46F0028E165 /* Release */ = {
			isa = XCBuildConfiguration;
			buildSettings = {
				CLANG_CXX_LANGUAGE_STANDARD = "gnu++0x";
				CLANG_WARN_CXX0X_EXTENSIONS = NO;
				COMBINE_HIDPI_IMAGES = YES;
				GCC_C_LANGUAGE_STANDARD = "compiler-default";
				GCC_PRECOMPILE_PREFIX_HEADER = YES;
				GCC_PREFIX_HEADER = "resource/lanaTetris-Prefix.pch";
				GCC_VERSION = "";
				INFOPLIST_FILE = "resource/lanaTetris-Info.plist";
				LIBRARY_SEARCH_PATHS = (
					"$(inherited)",
					/usr/local/Cellar/glfw3/3.0.3/lib,
				);
				MACOSX_DEPLOYMENT_TARGET = 10.8;
				ONLY_ACTIVE_ARCH = YES;
				PRODUCT_NAME = lanaTetris;
				SDKROOT = "";
				WRAPPER_EXTENSION = app;
			};
			name = Release;
		};
/* End XCBuildConfiguration section */

/* Begin XCConfigurationList section */
		A1EFC2AE175AA46E0028E165 /* Build configuration list for PBXProject "lanaTetris" */ = {
			isa = XCConfigurationList;
			buildConfigurations = (
				A1EFC2CF175AA46F0028E165 /* Release */,
				A1A1495A17F8772F00C9FF40 /* Debug */,
			);
			defaultConfigurationIsVisible = 0;
			defaultConfigurationName = Debug;
		};
		A1EFC2D0175AA46F0028E165 /* Build configuration list for PBXNativeTarget "lanaTetris" */ = {
			isa = XCConfigurationList;
			buildConfigurations = (
				A1EFC2D2175AA46F0028E165 /* Release */,
				A1A1495B17F8772F00C9FF40 /* Debug */,
			);
			defaultConfigurationIsVisible = 0;
			defaultConfigurationName = Debug;
		};
/* End XCConfigurationList section */
	};
	rootObject = A1EFC2AB175AA46E0028E165 /* Project object */;
}
